
Microsoft Visual Studio Solution File, Format Version 12.00
# Visual Studio Version 17
VisualStudioVersion = 17.3.32825.248
MinimumVisualStudioVersion = 10.0.40219.1
Project("{FAE04EC0-301F-11D3-BF4B-00C04F79EFBC}") = "BilleasingSamlet", "BilleasingSamlet\BilleasingSamlet.csproj", "{CBE7DA5D-E814-495F-A1E4-940D908C6F9B}"
EndProject
Global
	GlobalSection(SolutionConfigurationPlatforms) = preSolution
		Debug|Any CPU = Debug|Any CPU
		Release|Any CPU = Release|Any CPU
	EndGlobalSection
	GlobalSection(ProjectConfigurationPlatforms) = postSolution
		{CBE7DA5D-E814-495F-A1E4-940D908C6F9B}.Debug|Any CPU.ActiveCfg = Debug|Any CPU
		{CBE7DA5D-E814-495F-A1E4-940D908C6F9B}.Debug|Any CPU.Build.0 = Debug|Any CPU
		{CBE7DA5D-E814-495F-A1E4-940D908C6F9B}.Release|Any CPU.ActiveCfg = Release|Any CPU
		{CBE7DA5D-E814-495F-A1E4-940D908C6F9B}.Release|Any CPU.Build.0 = Release|Any CPU
	EndGlobalSection
	GlobalSection(SolutionProperties) = preSolution
		HideSolutionNode = FALSE
	EndGlobalSection
	GlobalSection(ExtensibilityGlobals) = postSolution
		SolutionGuid = {FE8FFAA3-444F-4F6C-8AE6-BF27B30BB072}
	EndGlobalSection
EndGlobal
